
Microsoft Visual Studio Solution File, Format Version 12.00
# Visual Studio Version 16
VisualStudioVersion = 16.0.31702.278
MinimumVisualStudioVersion = 10.0.40219.1
Project("{9A19103F-16F7-4668-BE54-9A1E7A4F7556}") = "Zork.Common", "..\Zork.Common\Zork.Common.csproj", "{C6B5F95D-B247-4609-B74A-0C9EBA49750F}"
EndProject
Project("{9A19103F-16F7-4668-BE54-9A1E7A4F7556}") = "Zork.Console", "Zork.Console.csproj", "{EBD193D6-94C0-4416-8CAB-A922525D06D5}"
EndProject
Global
	GlobalSection(SolutionConfigurationPlatforms) = preSolution
		Debug|Any CPU = Debug|Any CPU
		Release|Any CPU = Release|Any CPU
	EndGlobalSection
	GlobalSection(ProjectConfigurationPlatforms) = postSolution
		{C6B5F95D-B247-4609-B74A-0C9EBA49750F}.Debug|Any CPU.ActiveCfg = Debug|Any CPU
		{C6B5F95D-B247-4609-B74A-0C9EBA49750F}.Debug|Any CPU.Build.0 = Debug|Any CPU
		{C6B5F95D-B247-4609-B74A-0C9EBA49750F}.Release|Any CPU.ActiveCfg = Release|Any CPU
		{C6B5F95D-B247-4609-B74A-0C9EBA49750F}.Release|Any CPU.Build.0 = Release|Any CPU
		{EBD193D6-94C0-4416-8CAB-A922525D06D5}.Debug|Any CPU.ActiveCfg = Debug|Any CPU
		{EBD193D6-94C0-4416-8CAB-A922525D06D5}.Debug|Any CPU.Build.0 = Debug|Any CPU
		{EBD193D6-94C0-4416-8CAB-A922525D06D5}.Release|Any CPU.ActiveCfg = Release|Any CPU
		{EBD193D6-94C0-4416-8CAB-A922525D06D5}.Release|Any CPU.Build.0 = Release|Any CPU
	EndGlobalSection
	GlobalSection(SolutionProperties) = preSolution
		HideSolutionNode = FALSE
	EndGlobalSection
	GlobalSection(ExtensibilityGlobals) = postSolution
		SolutionGuid = {0DA2186A-F9FE-401D-8601-8F8D9BFD72DA}
	EndGlobalSection
EndGlobal
